{
  "nodes": {
    "nixpkgs": {
      "locked": {
        "lastModified": 1758692779,
        "narHash": "sha256-iciE+TtUKHGaV308ySXyWTt5NNGEkkBYTRSE4JVE3bY=",
        "owner": "nixos",
        "repo": "nixpkgs",
        "rev": "047ce17a000992d4a8d940db272e7fa33369b30c",
        "type": "github"
      },
      "original": {
        "owner": "nixos",
        "repo": "nixpkgs",
        "type": "github"
      }
    },
    "nixpkgs_2": {
      "locked": {
        "lastModified": 1744536153,
        "narHash": "sha256-awS2zRgF4uTwrOKwwiJcByDzDOdo3Q1rPZbiHQg/N38=",
        "owner": "NixOS",
        "repo": "nixpkgs",
        "rev": "18dd725c29603f582cf1900e0d25f9f1063dbf11",
        "type": "github"
      },
      "original": {
        "owner": "NixOS",
        "ref": "nixpkgs-unstable",
        "repo": "nixpkgs",
        "type": "github"
      }
    },
    "root": {
      "inputs": {
        "nixpkgs": "nixpkgs",
        "rust-overlay": "rust-overlay"
      }
    },
    "rust-overlay": {
      "inputs": {
        "nixpkgs": "nixpkgs_2"
      },
      "locked": {
        "lastModified": 1758681214,
        "narHash": "sha256-8cW731vev6kfr58cILO2ZsjHwaPhm88dQ8Q6nTSjP9I=",
        "owner": "oxalica",
        "repo": "rust-overlay",
        "rev": "b12ed88d8d33d4f3cbc842bf29fad93bb1437299",
        "type": "github"
      },
      "original": {
        "owner": "oxalica",
        "repo": "rust-overlay",
        "type": "github"
      }
    }
  },
  "root": "root",
  "version": 7
}
